
Microsoft Visual Studio Solution File, Format Version 12.00
# Visual Studio Version 16
VisualStudioVersion = 25.0.1705.0
MinimumVisualStudioVersion = 10.0.40219.1
Project("{FAE04EC0-301F-11D3-BF4B-00C04F79EFBC}") = "ejerciciosemana5", "ejerciciosemana5\ejerciciosemana5.csproj", "{79A8AA10-A000-4A2A-AA25-73F05EE00AB9}"
EndProject
Global
	GlobalSection(SolutionConfigurationPlatforms) = preSolution
		Debug|Any CPU = Debug|Any CPU
		Release|Any CPU = Release|Any CPU
	EndGlobalSection
	GlobalSection(ProjectConfigurationPlatforms) = postSolution
		{79A8AA10-A000-4A2A-AA25-73F05EE00AB9}.Debug|Any CPU.ActiveCfg = Debug|Any CPU
		{79A8AA10-A000-4A2A-AA25-73F05EE00AB9}.Debug|Any CPU.Build.0 = Debug|Any CPU
		{79A8AA10-A000-4A2A-AA25-73F05EE00AB9}.Release|Any CPU.ActiveCfg = Release|Any CPU
		{79A8AA10-A000-4A2A-AA25-73F05EE00AB9}.Release|Any CPU.Build.0 = Release|Any CPU
	EndGlobalSection
	GlobalSection(SolutionProperties) = preSolution
		HideSolutionNode = FALSE
	EndGlobalSection
	GlobalSection(ExtensibilityGlobals) = postSolution
		SolutionGuid = {A36FE7D3-FE7D-46B7-84DD-29E2C768C2F9}
	EndGlobalSection
EndGlobal
